// !$*UTF8*$!
{
	archiveVersion = 1;
	classes = {
	};
	objectVersion = 48;
	objects = {

/* Begin PBXBuildFile section */
		BA921BCC1FDE85D50093A325 /* AppDelegate.swift in Sources */ = {isa = PBXBuildFile; fileRef = BA921BCB1FDE85D50093A325 /* AppDelegate.swift */; };
		BA921BCE1FDE85D50093A325 /* ViewController.swift in Sources */ = {isa = PBXBuildFile; fileRef = BA921BCD1FDE85D50093A325 /* ViewController.swift */; };
		BA921BD11FDE85D50093A325 /* Main.storyboard in Resources */ = {isa = PBXBuildFile; fileRef = BA921BCF1FDE85D50093A325 /* Main.storyboard */; };
		BA921BD31FDE85D50093A325 /* Assets.xcassets in Resources */ = {isa = PBXBuildFile; fileRef = BA921BD21FDE85D50093A325 /* Assets.xcassets */; };
		BA921BD61FDE85D50093A325 /* LaunchScreen.storyboard in Resources */ = {isa = PBXBuildFile; fileRef = BA921BD41FDE85D50093A325 /* LaunchScreen.storyboard */; };
/* End PBXBuildFile section */

/* Begin PBXFileReference section */
		BA921BC81FDE85D50093A325 /* HeadyQuest.app */ = {isa = PBXFileReference; explicitFileType = wrapper.application; includeInIndex = 0; path = HeadyQuest.app; sourceTree = BUILT_PRODUCTS_DIR; };
		BA921BCB1FDE85D50093A325 /* AppDelegate.swift */ = {isa = PBXFileReference; lastKnownFileType = sourcecode.swift; path = AppDelegate.swift; sourceTree = "<group>"; };
		BA921BCD1FDE85D50093A325 /* ViewController.swift */ = {isa = PBXFileReference; lastKnownFileType = sourcecode.swift; path = ViewController.swift; sourceTree = "<group>"; };
		BA921BD01FDE85D50093A325 /* Base */ = {isa = PBXFileReference; lastKnownFileType = file.storyboard; name = Base; path = Base.lproj/Main.storyboard; sourceTree = "<group>"; };
		BA921BD21FDE85D50093A325 /* Assets.xcassets */ = {isa = PBXFileReference; lastKnownFileType = folder.assetcatalog; path = Assets.xcassets; sourceTree = "<group>"; };
		BA921BD51FDE85D50093A325 /* Base */ = {isa = PBXFileReference; lastKnownFileType = file.storyboard; name = Base; path = Base.lproj/LaunchScreen.storyboard; sourceTree = "<group>"; };
		BA921BD71FDE85D50093A325 /* Info.plist */ = {isa = PBXFileReference; lastKnownFileType = text.plist.xml; path = Info.plist; sourceTree = "<group>"; };
/* End PBXFileReference section */

/* Begin PBXFrameworksBuildPhase section */
		BA921BC51FDE85D50093A325 /* Frameworks */ = {
			isa = PBXFrameworksBuildPhase;
			buildActionMask = 2147483647;
			files = (
			);
			runOnlyForDeploymentPostprocessing = 0;
		};
/* End PBXFrameworksBuildPhase section */

/* Begin PBXGroup section */
		BA921BBF1FDE85D50093A325 = {
			isa = PBXGroup;
			children = (
				BA921BCA1FDE85D50093A325 /* HeadyQuest */,
				BA921BC91FDE85D50093A325 /* Products */,
			);
			sourceTree = "<group>";
		};
		BA921BC91FDE85D50093A325 /* Products */ = {
			isa = PBXGroup;
			children = (
				BA921BC81FDE85D50093A325 /* HeadyQuest.app */,
			);
			name = Products;
			sourceTree = "<group>";
		};
		BA921BCA1FDE85D50093A325 /* HeadyQuest */ = {
			isa = PBXGroup;
			children = (
				BA921BE01FDE86920093A325 /* Business Logic */,
				BA921BDF1FDE867E0093A325 /* View */,
				BA921BDE1FDE86760093A325 /* Model */,
				BA921BDD1FDE866E0093A325 /* Utilities */,
				BA921BCB1FDE85D50093A325 /* AppDelegate.swift */,
				BA921BD21FDE85D50093A325 /* Assets.xcassets */,
				BA921BD41FDE85D50093A325 /* LaunchScreen.storyboard */,
				BA921BD71FDE85D50093A325 /* Info.plist */,
			);
			path = HeadyQuest;
			sourceTree = "<group>";
		};
		BA921BDD1FDE866E0093A325 /* Utilities */ = {
			isa = PBXGroup;
			children = (
			);
			path = Utilities;
			sourceTree = "<group>";
		};
		BA921BDE1FDE86760093A325 /* Model */ = {
			isa = PBXGroup;
			children = (
			);
			path = Model;
			sourceTree = "<group>";
		};
		BA921BDF1FDE867E0093A325 /* View */ = {
			isa = PBXGroup;
			children = (
				BA921BCF1FDE85D50093A325 /* Main.storyboard */,
				BA921BCD1FDE85D50093A325 /* ViewController.swift */,
			);
			path = View;
			sourceTree = "<group>";
		};
		BA921BE01FDE86920093A325 /* Business Logic */ = {
			isa = PBXGroup;
			children = (
			);
			path = "Business Logic";
			sourceTree = "<group>";
		};
/* End PBXGroup section */

/* Begin PBXNativeTarget section */
		BA921BC71FDE85D50093A325 /* HeadyQuest */ = {
			isa = PBXNativeTarget;
			buildConfigurationList = BA921BDA1FDE85D50093A325 /* Build configuration list for PBXNativeTarget "HeadyQuest" */;
			buildPhases = (
				BA921BC41FDE85D50093A325 /* Sources */,
				BA921BC51FDE85D50093A325 /* Frameworks */,
				BA921BC61FDE85D50093A325 /* Resources */,
			);
			buildRules = (
			);
			dependencies = (
			);
			name = HeadyQuest;
			productName = HeadyQuest;
			productReference = BA921BC81FDE85D50093A325 /* HeadyQuest.app */;
			productType = "com.apple.product-type.application";
		};
/* End PBXNativeTarget section */

/* Begin PBXProject section */
		BA921BC01FDE85D50093A325 /* Project object */ = {
			isa = PBXProject;
			attributes = {
				LastSwiftUpdateCheck = 0900;
				LastUpgradeCheck = 0900;
				ORGANIZATIONNAME = SunilMaurya;
				TargetAttributes = {
					BA921BC71FDE85D50093A325 = {
						CreatedOnToolsVersion = 9.0;
						ProvisioningStyle = Automatic;
					};
				};
			};
			buildConfigurationList = BA921BC31FDE85D50093A325 /* Build configuration list for PBXProject "HeadyQuest" */;
			compatibilityVersion = "Xcode 8.0";
			developmentRegion = en;
			hasScannedForEncodings = 0;
			knownRegions = (
				en,
				Base,
			);
			mainGroup = BA921BBF1FDE85D50093A325;
			productRefGroup = BA921BC91FDE85D50093A325 /* Products */;
			projectDirPath = "";
			projectRoot = "";
			targets = (
				BA921BC71FDE85D50093A325 /* HeadyQuest */,
			);
		};
/* End PBXProject section */

/* Begin PBXResourcesBuildPhase section */
		BA921BC61FDE85D50093A325 /* Resources */ = {
			isa = PBXResourcesBuildPhase;
			buildActionMask = 2147483647;
			files = (
				BA921BD61FDE85D50093A325 /* LaunchScreen.storyboard in Resources */,
				BA921BD31FDE85D50093A325 /* Assets.xcassets in Resources */,
				BA921BD11FDE85D50093A325 /* Main.storyboard in Resources */,
			);
			runOnlyForDeploymentPostprocessing = 0;
		};
/* End PBXResourcesBuildPhase section */

/* Begin PBXSourcesBuildPhase section */
		BA921BC41FDE85D50093A325 /* Sources */ = {
			isa = PBXSourcesBuildPhase;
			buildActionMask = 2147483647;
			files = (
				BA921BCE1FDE85D50093A325 /* ViewController.swift in Sources */,
				BA921BCC1FDE85D50093A325 /* AppDelegate.swift in Sources */,
			);
			runOnlyForDeploymentPostprocessing = 0;
		};
/* End PBXSourcesBuildPhase section */

/* Begin PBXVariantGroup section */
		BA921BCF1FDE85D50093A325 /* Main.storyboard */ = {
			isa = PBXVariantGroup;
			children = (
				BA921BD01FDE85D50093A325 /* Base */,
			);
			name = Main.storyboard;
			sourceTree = "<group>";
		};
		BA921BD41FDE85D50093A325 /* LaunchScreen.storyboard */ = {
			isa = PBXVariantGroup;
			children = (
				BA921BD51FDE85D50093A325 /* Base */,
			);
			name = LaunchScreen.storyboard;
			sourceTree = "<group>";
		};
/* End PBXVariantGroup section */

/* Begin XCBuildConfiguration section */
		BA921BD81FDE85D50093A325 /* Debug */ = {
			isa = XCBuildConfiguration;
			buildSettings = {
				ALWAYS_SEARCH_USER_PATHS = NO;
				CLANG_ANALYZER_NONNULL = YES;
				CLANG_ANALYZER_NUMBER_OBJECT_CONVERSION = YES_AGGRESSIVE;
				CLANG_CXX_LANGUAGE_STANDARD = "gnu++14";
				CLANG_CXX_LIBRARY = "libc++";
				CLANG_ENABLE_MODULES = YES;
				CLANG_ENABLE_OBJC_ARC = YES;
				CLANG_WARN_BLOCK_CAPTURE_AUTORELEASING = YES;
				CLANG_WARN_BOOL_CONVERSION = YES;
				CLANG_WARN_COMMA = YES;
				CLANG_WARN_CONSTANT_CONVERSION = YES;
				CLANG_WARN_DIRECT_OBJC_ISA_USAGE = YES_ERROR;
				CLANG_WARN_DOCUMENTATION_COMMENTS = YES;
				CLANG_WARN_EMPTY_BODY = YES;
				CLANG_WARN_ENUM_CONVERSION = YES;
				CLANG_WARN_INFINITE_RECURSION = YES;
				CLANG_WARN_INT_CONVERSION = YES;
				CLANG_WARN_NON_LITERAL_NULL_CONVERSION = YES;
				CLANG_WARN_OBJC_LITERAL_CONVERSION = YES;
				CLANG_WARN_OBJC_ROOT_CLASS = YES_ERROR;
				CLANG_WARN_RANGE_LOOP_ANALYSIS = YES;
				CLANG_WARN_STRICT_PROTOTYPES = YES;
				CLANG_WARN_SUSPICIOUS_MOVE = YES;
				CLANG_WARN_UNGUARDED_AVAILABILITY = YES_AGGRESSIVE;
				CLANG_WARN_UNREACHABLE_CODE = YES;
				CLANG_WARN__DUPLICATE_METHOD_MATCH = YES;
				CODE_SIGN_IDENTITY = "iPhone Developer";
				COPY_PHASE_STRIP = NO;
				DEBUG_INFORMATION_FORMAT = dwarf;
				ENABLE_STRICT_OBJC_MSGSEND = YES;
				ENABLE_TESTABILITY = YES;
				GCC_C_LANGUAGE_STANDARD = gnu11;
				GCC_DYNAMIC_NO_PIC = NO;
				GCC_NO_COMMON_BLOCKS = YES;
				GCC_OPTIMIZATION_LEVEL = 0;
				GCC_PREPROCESSOR_DEFINITIONS = (
					"DEBUG=1",
					"$(inherited)",
				);
				GCC_WARN_64_TO_32_BIT_CONVERSION = YES;
				GCC_WARN_ABOUT_RETURN_TYPE = YES_ERROR;
				GCC_WARN_UNDECLARED_SELECTOR = YES;
				GCC_WARN_UNINITIALIZED_AUTOS = YES_AGGRESSIVE;
				GCC_WARN_UNUSED_FUNCTION = YES;
				GCC_WARN_UNUSED_VARIABLE = YES;
				IPHONEOS_DEPLOYMENT_TARGET = 11.0;
				MTL_ENABLE_DEBUG_INFO = YES;
				ONLY_ACTIVE_ARCH = YES;
				SDKROOT = iphoneos;
				SWIFT_ACTIVE_COMPILATION_CONDITIONS = DEBUG;
				SWIFT_OPTIMIZATION_LEVEL = "-Onone";
			};
			name = Debug;
		};
		BA921BD91FDE85D50093A325 /* Release */ = {
			isa = XCBuildConfiguration;
			buildSettings = {
				ALWAYS_SEARCH_USER_PATHS = NO;
				CLANG_ANALYZER_NONNULL = YES;
				CLANG_ANALYZER_NUMBER_OBJECT_CONVERSION = YES_AGGRESSIVE;
				CLANG_CXX_LANGUAGE_STANDARD = "gnu++14";
				CLANG_CXX_LIBRARY = "libc++";
				CLANG_ENABLE_MODULES = YES;
				CLANG_ENABLE_OBJC_ARC = YES;
				CLANG_WARN_BLOCK_CAPTURE_AUTORELEASING = YES;
				CLANG_WARN_BOOL_CONVERSION = YES;
				CLANG_WARN_COMMA = YES;
				CLANG_WARN_CONSTANT_CONVERSION = YES;
				CLANG_WARN_DIRECT_OBJC_ISA_USAGE = YES_ERROR;
				CLANG_WARN_DOCUMENTATION_COMMENTS = YES;
				CLANG_WARN_EMPTY_BODY = YES;
				CLANG_WARN_ENUM_CONVERSION = YES;
				CLANG_WARN_INFINITE_RECURSION = YES;
				CLANG_WARN_INT_CONVERSION = YES;
				CLANG_WARN_NON_LITERAL_NULL_CONVERSION = YES;
				CLANG_WARN_OBJC_LITERAL_CONVERSION = YES;
				CLANG_WARN_OBJC_ROOT_CLASS = YES_ERROR;
				CLANG_WARN_RANGE_LOOP_ANALYSIS = YES;
				CLANG_WARN_STRICT_PROTOTYPES = YES;
				CLANG_WARN_SUSPICIOUS_MOVE = YES;
				CLANG_WARN_UNGUARDED_AVAILABILITY = YES_AGGRESSIVE;
				CLANG_WARN_UNREACHABLE_CODE = YES;
				CLANG_WARN__DUPLICATE_METHOD_MATCH = YES;
				CODE_SIGN_IDENTITY = "iPhone Developer";
				COPY_PHASE_STRIP = NO;
				DEBUG_INFORMATION_FORMAT = "dwarf-with-dsym";
				ENABLE_NS_ASSERTIONS = NO;
				ENABLE_STRICT_OBJC_MSGSEND = YES;
				GCC_C_LANGUAGE_STANDARD = gnu11;
				GCC_NO_COMMON_BLOCKS = YES;
				GCC_WARN_64_TO_32_BIT_CONVERSION = YES;
				GCC_WARN_ABOUT_RETURN_TYPE = YES_ERROR;
				GCC_WARN_UNDECLARED_SELECTOR = YES;
				GCC_WARN_UNINITIALIZED_AUTOS = YES_AGGRESSIVE;
				GCC_WARN_UNUSED_FUNCTION = YES;
				GCC_WARN_UNUSED_VARIABLE = YES;
				IPHONEOS_DEPLOYMENT_TARGET = 11.0;
				MTL_ENABLE_DEBUG_INFO = NO;
				SDKROOT = iphoneos;
				SWIFT_OPTIMIZATION_LEVEL = "-Owholemodule";
				VALIDATE_PRODUCT = YES;
			};
			name = Release;
		};
		BA921BDB1FDE85D50093A325 /* Debug */ = {
			isa = XCBuildConfiguration;
			buildSettings = {
				ASSETCATALOG_COMPILER_APPICON_NAME = AppIcon;
				CODE_SIGN_STYLE = Automatic;
				DEVELOPMENT_TEAM = GK52FE3UQU;
				INFOPLIST_FILE = HeadyQuest/Info.plist;
				LD_RUNPATH_SEARCH_PATHS = "$(inherited) @executable_path/Frameworks";
				PRODUCT_BUNDLE_IDENTIFIER = SN.HeadyQuest;
				PRODUCT_NAME = "$(TARGET_NAME)";
				SWIFT_VERSION = 4.0;
				TARGETED_DEVICE_FAMILY = "1,2";
			};
			name = Debug;
		};
		BA921BDC1FDE85D50093A325 /* Release */ = {
			isa = XCBuildConfiguration;
			buildSettings = {
				ASSETCATALOG_COMPILER_APPICON_NAME = AppIcon;
				CODE_SIGN_STYLE = Automatic;
				DEVELOPMENT_TEAM = GK52FE3UQU;
				INFOPLIST_FILE = HeadyQuest/Info.plist;
				LD_RUNPATH_SEARCH_PATHS = "$(inherited) @executable_path/Frameworks";
				PRODUCT_BUNDLE_IDENTIFIER = SN.HeadyQuest;
				PRODUCT_NAME = "$(TARGET_NAME)";
				SWIFT_VERSION = 4.0;
				TARGETED_DEVICE_FAMILY = "1,2";
			};
			name = Release;
		};
/* End XCBuildConfiguration section */

/* Begin XCConfigurationList section */
		BA921BC31FDE85D50093A325 /* Build configuration list for PBXProject "HeadyQuest" */ = {
			isa = XCConfigurationList;
			buildConfigurations = (
				BA921BD81FDE85D50093A325 /* Debug */,
				BA921BD91FDE85D50093A325 /* Release */,
			);
			defaultConfigurationIsVisible = 0;
			defaultConfigurationName = Release;
		};
		BA921BDA1FDE85D50093A325 /* Build configuration list for PBXNativeTarget "HeadyQuest" */ = {
			isa = XCConfigurationList;
			buildConfigurations = (
				BA921BDB1FDE85D50093A325 /* Debug */,
				BA921BDC1FDE85D50093A325 /* Release */,
			);
			defaultConfigurationIsVisible = 0;
			defaultConfigurationName = Release;
		};
/* End XCConfigurationList section */
	};
	rootObject = BA921BC01FDE85D50093A325 /* Project object */;
}
